
Microsoft Visual Studio Solution File, Format Version 12.00
# Visual Studio Version 17
VisualStudioVersion = 17.0.31903.59
MinimumVisualStudioVersion = 10.0.40219.1
Project("{2150E333-8FDC-42A3-9474-1A3956D46DE8}") = "src", "src", "{5A725B79-3ABF-4025-AAA0-5FBA445ED2C8}"
EndProject
Project("{FAE04EC0-301F-11D3-BF4B-00C04F79EFBC}") = "InvoiceBilling.Api", "src\InvoiceBilling.Api\InvoiceBilling.Api.csproj", "{66CB5F6D-9866-4ED3-8AA6-E919C7934536}"
EndProject
Project("{FAE04EC0-301F-11D3-BF4B-00C04F79EFBC}") = "InvoiceBilling.Domain", "src\InvoiceBilling.Domain\InvoiceBilling.Domain.csproj", "{61DB0B27-32CB-4A2F-825B-E8FECFED59D6}"
EndProject
Project("{FAE04EC0-301F-11D3-BF4B-00C04F79EFBC}") = "InvoiceBilling.Application", "src\InvoiceBilling.Application\InvoiceBilling.Application.csproj", "{5E1E3097-5917-4480-84A0-C97693EA814D}"
EndProject
Project("{FAE04EC0-301F-11D3-BF4B-00C04F79EFBC}") = "InvoiceBilling.Infrastructure", "src\InvoiceBilling.Infrastructure\InvoiceBilling.Infrastructure.csproj", "{DD12D577-EF23-4DC7-9897-01523DC9E2C7}"
EndProject
Global
	GlobalSection(SolutionConfigurationPlatforms) = preSolution
		Debug|Any CPU = Debug|Any CPU
		Release|Any CPU = Release|Any CPU
	EndGlobalSection
	GlobalSection(SolutionProperties) = preSolution
		HideSolutionNode = FALSE
	EndGlobalSection
	GlobalSection(ProjectConfigurationPlatforms) = postSolution
		{66CB5F6D-9866-4ED3-8AA6-E919C7934536}.Debug|Any CPU.ActiveCfg = Debug|Any CPU
		{66CB5F6D-9866-4ED3-8AA6-E919C7934536}.Debug|Any CPU.Build.0 = Debug|Any CPU
		{66CB5F6D-9866-4ED3-8AA6-E919C7934536}.Release|Any CPU.ActiveCfg = Release|Any CPU
		{66CB5F6D-9866-4ED3-8AA6-E919C7934536}.Release|Any CPU.Build.0 = Release|Any CPU
		{61DB0B27-32CB-4A2F-825B-E8FECFED59D6}.Debug|Any CPU.ActiveCfg = Debug|Any CPU
		{61DB0B27-32CB-4A2F-825B-E8FECFED59D6}.Debug|Any CPU.Build.0 = Debug|Any CPU
		{61DB0B27-32CB-4A2F-825B-E8FECFED59D6}.Release|Any CPU.ActiveCfg = Release|Any CPU
		{61DB0B27-32CB-4A2F-825B-E8FECFED59D6}.Release|Any CPU.Build.0 = Release|Any CPU
		{5E1E3097-5917-4480-84A0-C97693EA814D}.Debug|Any CPU.ActiveCfg = Debug|Any CPU
		{5E1E3097-5917-4480-84A0-C97693EA814D}.Debug|Any CPU.Build.0 = Debug|Any CPU
		{5E1E3097-5917-4480-84A0-C97693EA814D}.Release|Any CPU.ActiveCfg = Release|Any CPU
		{5E1E3097-5917-4480-84A0-C97693EA814D}.Release|Any CPU.Build.0 = Release|Any CPU
		{DD12D577-EF23-4DC7-9897-01523DC9E2C7}.Debug|Any CPU.ActiveCfg = Debug|Any CPU
		{DD12D577-EF23-4DC7-9897-01523DC9E2C7}.Debug|Any CPU.Build.0 = Debug|Any CPU
		{DD12D577-EF23-4DC7-9897-01523DC9E2C7}.Release|Any CPU.ActiveCfg = Release|Any CPU
		{DD12D577-EF23-4DC7-9897-01523DC9E2C7}.Release|Any CPU.Build.0 = Release|Any CPU
	EndGlobalSection
	GlobalSection(NestedProjects) = preSolution
		{66CB5F6D-9866-4ED3-8AA6-E919C7934536} = {5A725B79-3ABF-4025-AAA0-5FBA445ED2C8}
		{61DB0B27-32CB-4A2F-825B-E8FECFED59D6} = {5A725B79-3ABF-4025-AAA0-5FBA445ED2C8}
		{5E1E3097-5917-4480-84A0-C97693EA814D} = {5A725B79-3ABF-4025-AAA0-5FBA445ED2C8}
		{DD12D577-EF23-4DC7-9897-01523DC9E2C7} = {5A725B79-3ABF-4025-AAA0-5FBA445ED2C8}
	EndGlobalSection
EndGlobal
